
Microsoft Visual Studio Solution File, Format Version 12.00
# Visual Studio Version 16
VisualStudioVersion = 16.0.29519.181
MinimumVisualStudioVersion = 10.0.40219.1
Project("{FAE04EC0-301F-11D3-BF4B-00C04F79EFBC}") = "CommunicationSample", "CommunicationSample\CommunicationSample.csproj", "{D28CD91C-678A-4B1F-9704-0F683E0BF550}"
EndProject
Global
	GlobalSection(SolutionConfigurationPlatforms) = preSolution
		Debug|Any CPU = Debug|Any CPU
		Release|Any CPU = Release|Any CPU
	EndGlobalSection
	GlobalSection(ProjectConfigurationPlatforms) = postSolution
		{D28CD91C-678A-4B1F-9704-0F683E0BF550}.Debug|Any CPU.ActiveCfg = Debug|Any CPU
		{D28CD91C-678A-4B1F-9704-0F683E0BF550}.Debug|Any CPU.Build.0 = Debug|Any CPU
		{D28CD91C-678A-4B1F-9704-0F683E0BF550}.Release|Any CPU.ActiveCfg = Release|Any CPU
		{D28CD91C-678A-4B1F-9704-0F683E0BF550}.Release|Any CPU.Build.0 = Release|Any CPU
	EndGlobalSection
	GlobalSection(SolutionProperties) = preSolution
		HideSolutionNode = FALSE
	EndGlobalSection
	GlobalSection(ExtensibilityGlobals) = postSolution
		SolutionGuid = {99B1909B-5573-4768-9B0F-4E1CF9A4C87A}
	EndGlobalSection
EndGlobal
